// !$*UTF8*$!
{
	archiveVersion = 1;
	classes = {
	};
	objectVersion = 55;
	objects = {

/* Begin PBXBuildFile section */
		524FCA79278CD713007C4BCE /* serverG.c in Sources */ = {isa = PBXBuildFile; fileRef = 524FCA78278CD713007C4BCE /* serverG.c */; };
		528FA0BE2789AD34004C7AA3 /* centroVaccinale.c in Sources */ = {isa = PBXBuildFile; fileRef = 528FA0BD2789AD34004C7AA3 /* centroVaccinale.c */; };
		528FA0C42789EB38004C7AA3 /* serverV.c in Sources */ = {isa = PBXBuildFile; fileRef = 528FA0C22789EB38004C7AA3 /* serverV.c */; };
		52B6726F2788BE06000E28FE /* Makefile in Sources */ = {isa = PBXBuildFile; fileRef = 52B6726E2788BE06000E28FE /* Makefile */; };
		52B672732788BE66000E28FE /* UsageUtility.c in Sources */ = {isa = PBXBuildFile; fileRef = 52B672722788BE66000E28FE /* UsageUtility.c */; };
		52B672752788BEE2000E28FE /* NetWrapper.c in Sources */ = {isa = PBXBuildFile; fileRef = 52B672742788BEE2000E28FE /* NetWrapper.c */; };
		52B672782788CD54000E28FE /* clientCitizen.c in Sources */ = {isa = PBXBuildFile; fileRef = 52B672772788CD54000E28FE /* clientCitizen.c */; };
		52B6727B2788D31A000E28FE /* GreenPassUtility.c in Sources */ = {isa = PBXBuildFile; fileRef = 52B6727A2788D31A000E28FE /* GreenPassUtility.c */; };
		52DA0846278CB4B400821548 /* clientS.c in Sources */ = {isa = PBXBuildFile; fileRef = 52DA0845278CB4B400821548 /* clientS.c */; };
		52DA0849278CB7DD00821548 /* clientT.c in Sources */ = {isa = PBXBuildFile; fileRef = 52DA0848278CB7DD00821548 /* clientT.c */; };
/* End PBXBuildFile section */

/* Begin PBXCopyFilesBuildPhase section */
		525688B027889F5200D1FAE5 /* CopyFiles */ = {
			isa = PBXCopyFilesBuildPhase;
			buildActionMask = 2147483647;
			dstPath = /usr/share/man/man1/;
			dstSubfolderSpec = 0;
			files = (
			);
			runOnlyForDeploymentPostprocessing = 1;
		};
/* End PBXCopyFilesBuildPhase section */

/* Begin PBXFileReference section */
		52109E01279B7732000E70CE /* bin */ = {isa = PBXFileReference; lastKnownFileType = folder; path = bin; sourceTree = "<group>"; };
		524FCA77278CD713007C4BCE /* serverG.h */ = {isa = PBXFileReference; lastKnownFileType = sourcecode.c.h; path = serverG.h; sourceTree = "<group>"; };
		524FCA78278CD713007C4BCE /* serverG.c */ = {isa = PBXFileReference; lastKnownFileType = sourcecode.c.c; path = serverG.c; sourceTree = "<group>"; };
		525688B227889F5200D1FAE5 /* VanillaGreenPass */ = {isa = PBXFileReference; explicitFileType = "compiled.mach-o.executable"; includeInIndex = 0; path = VanillaGreenPass; sourceTree = BUILT_PRODUCTS_DIR; };
		528FA0BB2789A13D004C7AA3 /* conf */ = {isa = PBXFileReference; fileEncoding = 4; lastKnownFileType = text; path = conf; sourceTree = SOURCE_ROOT; };
		528FA0BC2789AD34004C7AA3 /* centroVaccinale.h */ = {isa = PBXFileReference; lastKnownFileType = sourcecode.c.h; path = centroVaccinale.h; sourceTree = "<group>"; };
		528FA0BD2789AD34004C7AA3 /* centroVaccinale.c */ = {isa = PBXFileReference; lastKnownFileType = sourcecode.c.c; path = centroVaccinale.c; sourceTree = "<group>"; };
		528FA0C22789EB38004C7AA3 /* serverV.c */ = {isa = PBXFileReference; fileEncoding = 4; lastKnownFileType = sourcecode.c.c; path = serverV.c; sourceTree = "<group>"; };
		528FA0C32789EB38004C7AA3 /* serverV.h */ = {isa = PBXFileReference; fileEncoding = 4; lastKnownFileType = sourcecode.c.h; path = serverV.h; sourceTree = "<group>"; };
		528FA0C5278A4D84004C7AA3 /* data */ = {isa = PBXFileReference; fileEncoding = 4; lastKnownFileType = text; path = data; sourceTree = SOURCE_ROOT; };
		52B6726E2788BE06000E28FE /* Makefile */ = {isa = PBXFileReference; fileEncoding = 4; lastKnownFileType = sourcecode.make; path = Makefile; sourceTree = "<group>"; };
		52B672702788BE15000E28FE /* UsageUtility.h */ = {isa = PBXFileReference; fileEncoding = 4; lastKnownFileType = sourcecode.c.h; path = UsageUtility.h; sourceTree = "<group>"; };
		52B672712788BE15000E28FE /* NetWrapper.h */ = {isa = PBXFileReference; fileEncoding = 4; lastKnownFileType = sourcecode.c.h; path = NetWrapper.h; sourceTree = "<group>"; };
		52B672722788BE66000E28FE /* UsageUtility.c */ = {isa = PBXFileReference; lastKnownFileType = sourcecode.c.c; path = UsageUtility.c; sourceTree = "<group>"; };
		52B672742788BEE2000E28FE /* NetWrapper.c */ = {isa = PBXFileReference; lastKnownFileType = sourcecode.c.c; path = NetWrapper.c; sourceTree = "<group>"; };
		52B672762788CD54000E28FE /* clientCitizen.h */ = {isa = PBXFileReference; lastKnownFileType = sourcecode.c.h; path = clientCitizen.h; sourceTree = "<group>"; };
		52B672772788CD54000E28FE /* clientCitizen.c */ = {isa = PBXFileReference; lastKnownFileType = sourcecode.c.c; path = clientCitizen.c; sourceTree = "<group>"; };
		52B672792788D31A000E28FE /* GreenPassUtility.h */ = {isa = PBXFileReference; lastKnownFileType = sourcecode.c.h; path = GreenPassUtility.h; sourceTree = "<group>"; };
		52B6727A2788D31A000E28FE /* GreenPassUtility.c */ = {isa = PBXFileReference; lastKnownFileType = sourcecode.c.c; path = GreenPassUtility.c; sourceTree = "<group>"; };
		52DA0844278CB4B400821548 /* clientS.h */ = {isa = PBXFileReference; lastKnownFileType = sourcecode.c.h; path = clientS.h; sourceTree = "<group>"; };
		52DA0845278CB4B400821548 /* clientS.c */ = {isa = PBXFileReference; lastKnownFileType = sourcecode.c.c; path = clientS.c; sourceTree = "<group>"; };
		52DA0847278CB7DD00821548 /* clientT.h */ = {isa = PBXFileReference; lastKnownFileType = sourcecode.c.h; path = clientT.h; sourceTree = "<group>"; };
		52DA0848278CB7DD00821548 /* clientT.c */ = {isa = PBXFileReference; lastKnownFileType = sourcecode.c.c; path = clientT.c; sourceTree = "<group>"; };
		52DF597F2788A1B100E5F55A /* README.md */ = {isa = PBXFileReference; fileEncoding = 4; lastKnownFileType = net.daringfireball.markdown; path = README.md; sourceTree = "<group>"; };
		52DF59802788A1B100E5F55A /* doc */ = {isa = PBXFileReference; lastKnownFileType = folder; path = doc; sourceTree = "<group>"; };
		52DF59812788A1B100E5F55A /* LICENSE */ = {isa = PBXFileReference; fileEncoding = 4; lastKnownFileType = text; path = LICENSE; sourceTree = "<group>"; };
/* End PBXFileReference section */

/* Begin PBXFrameworksBuildPhase section */
		525688AF27889F5200D1FAE5 /* Frameworks */ = {
			isa = PBXFrameworksBuildPhase;
			buildActionMask = 2147483647;
			files = (
			);
			runOnlyForDeploymentPostprocessing = 0;
		};
/* End PBXFrameworksBuildPhase section */

/* Begin PBXGroup section */
		525688A927889F5200D1FAE5 = {
			isa = PBXGroup;
			children = (
				525688B427889F5200D1FAE5 /* src */,
				52109E01279B7732000E70CE /* bin */,
				528FA0BB2789A13D004C7AA3 /* conf */,
				528FA0C5278A4D84004C7AA3 /* data */,
				52DF59802788A1B100E5F55A /* doc */,
				52DF59812788A1B100E5F55A /* LICENSE */,
				52DF597F2788A1B100E5F55A /* README.md */,
				525688B327889F5200D1FAE5 /* Products */,
			);
			sourceTree = "<group>";
		};
		525688B327889F5200D1FAE5 /* Products */ = {
			isa = PBXGroup;
			children = (
				525688B227889F5200D1FAE5 /* VanillaGreenPass */,
			);
			name = Products;
			sourceTree = "<group>";
		};
		525688B427889F5200D1FAE5 /* src */ = {
			isa = PBXGroup;
			children = (
				52B6726E2788BE06000E28FE /* Makefile */,
				52B672712788BE15000E28FE /* NetWrapper.h */,
				52B672742788BEE2000E28FE /* NetWrapper.c */,
				52B672702788BE15000E28FE /* UsageUtility.h */,
				52B672722788BE66000E28FE /* UsageUtility.c */,
				52B672792788D31A000E28FE /* GreenPassUtility.h */,
				52B6727A2788D31A000E28FE /* GreenPassUtility.c */,
				52B672762788CD54000E28FE /* clientCitizen.h */,
				52B672772788CD54000E28FE /* clientCitizen.c */,
				52DA0844278CB4B400821548 /* clientS.h */,
				52DA0845278CB4B400821548 /* clientS.c */,
				52DA0847278CB7DD00821548 /* clientT.h */,
				52DA0848278CB7DD00821548 /* clientT.c */,
				528FA0BC2789AD34004C7AA3 /* centroVaccinale.h */,
				528FA0BD2789AD34004C7AA3 /* centroVaccinale.c */,
				524FCA77278CD713007C4BCE /* serverG.h */,
				524FCA78278CD713007C4BCE /* serverG.c */,
				528FA0C32789EB38004C7AA3 /* serverV.h */,
				528FA0C22789EB38004C7AA3 /* serverV.c */,
			);
			path = src;
			sourceTree = "<group>";
		};
/* End PBXGroup section */

/* Begin PBXNativeTarget section */
		525688B127889F5200D1FAE5 /* VanillaGreenPass */ = {
			isa = PBXNativeTarget;
			buildConfigurationList = 525688B927889F5200D1FAE5 /* Build configuration list for PBXNativeTarget "VanillaGreenPass" */;
			buildPhases = (
				525688AE27889F5200D1FAE5 /* Sources */,
				525688AF27889F5200D1FAE5 /* Frameworks */,
				525688B027889F5200D1FAE5 /* CopyFiles */,
			);
			buildRules = (
			);
			dependencies = (
			);
			name = VanillaGreenPass;
			productName = VanillaGreenPass;
			productReference = 525688B227889F5200D1FAE5 /* VanillaGreenPass */;
			productType = "com.apple.product-type.tool";
		};
/* End PBXNativeTarget section */

/* Begin PBXProject section */
		525688AA27889F5200D1FAE5 /* Project object */ = {
			isa = PBXProject;
			attributes = {
				BuildIndependentTargetsInParallel = 1;
				LastUpgradeCheck = 1320;
				TargetAttributes = {
					525688B127889F5200D1FAE5 = {
						CreatedOnToolsVersion = 13.2.1;
					};
				};
			};
			buildConfigurationList = 525688AD27889F5200D1FAE5 /* Build configuration list for PBXProject "VanillaGreenPass" */;
			compatibilityVersion = "Xcode 13.0";
			developmentRegion = en;
			hasScannedForEncodings = 0;
			knownRegions = (
				en,
				Base,
			);
			mainGroup = 525688A927889F5200D1FAE5;
			productRefGroup = 525688B327889F5200D1FAE5 /* Products */;
			projectDirPath = "";
			projectRoot = "";
			targets = (
				525688B127889F5200D1FAE5 /* VanillaGreenPass */,
			);
		};
/* End PBXProject section */

/* Begin PBXSourcesBuildPhase section */
		525688AE27889F5200D1FAE5 /* Sources */ = {
			isa = PBXSourcesBuildPhase;
			buildActionMask = 2147483647;
			files = (
				52DA0849278CB7DD00821548 /* clientT.c in Sources */,
				52B672732788BE66000E28FE /* UsageUtility.c in Sources */,
				52B672752788BEE2000E28FE /* NetWrapper.c in Sources */,
				52B6726F2788BE06000E28FE /* Makefile in Sources */,
				528FA0BE2789AD34004C7AA3 /* centroVaccinale.c in Sources */,
				52DA0846278CB4B400821548 /* clientS.c in Sources */,
				524FCA79278CD713007C4BCE /* serverG.c in Sources */,
				52B6727B2788D31A000E28FE /* GreenPassUtility.c in Sources */,
				528FA0C42789EB38004C7AA3 /* serverV.c in Sources */,
				52B672782788CD54000E28FE /* clientCitizen.c in Sources */,
			);
			runOnlyForDeploymentPostprocessing = 0;
		};
/* End PBXSourcesBuildPhase section */

/* Begin XCBuildConfiguration section */
		525688B727889F5200D1FAE5 /* Debug */ = {
			isa = XCBuildConfiguration;
			buildSettings = {
				ALWAYS_SEARCH_USER_PATHS = NO;
				CLANG_ANALYZER_NONNULL = YES;
				CLANG_ANALYZER_NUMBER_OBJECT_CONVERSION = YES_AGGRESSIVE;
				CLANG_CXX_LANGUAGE_STANDARD = "gnu++17";
				CLANG_CXX_LIBRARY = "libc++";
				CLANG_ENABLE_MODULES = YES;
				CLANG_ENABLE_OBJC_ARC = YES;
				CLANG_ENABLE_OBJC_WEAK = YES;
				CLANG_WARN_BLOCK_CAPTURE_AUTORELEASING = YES;
				CLANG_WARN_BOOL_CONVERSION = YES;
				CLANG_WARN_COMMA = YES;
				CLANG_WARN_CONSTANT_CONVERSION = YES;
				CLANG_WARN_DEPRECATED_OBJC_IMPLEMENTATIONS = YES;
				CLANG_WARN_DIRECT_OBJC_ISA_USAGE = YES_ERROR;
				CLANG_WARN_DOCUMENTATION_COMMENTS = YES;
				CLANG_WARN_EMPTY_BODY = YES;
				CLANG_WARN_ENUM_CONVERSION = YES;
				CLANG_WARN_INFINITE_RECURSION = YES;
				CLANG_WARN_INT_CONVERSION = YES;
				CLANG_WARN_NON_LITERAL_NULL_CONVERSION = YES;
				CLANG_WARN_OBJC_IMPLICIT_RETAIN_SELF = YES;
				CLANG_WARN_OBJC_LITERAL_CONVERSION = YES;
				CLANG_WARN_OBJC_ROOT_CLASS = YES_ERROR;
				CLANG_WARN_QUOTED_INCLUDE_IN_FRAMEWORK_HEADER = YES;
				CLANG_WARN_RANGE_LOOP_ANALYSIS = YES;
				CLANG_WARN_STRICT_PROTOTYPES = YES;
				CLANG_WARN_SUSPICIOUS_MOVE = YES;
				CLANG_WARN_UNGUARDED_AVAILABILITY = YES_AGGRESSIVE;
				CLANG_WARN_UNREACHABLE_CODE = YES;
				CLANG_WARN__DUPLICATE_METHOD_MATCH = YES;
				COPY_PHASE_STRIP = NO;
				DEBUG_INFORMATION_FORMAT = dwarf;
				ENABLE_STRICT_OBJC_MSGSEND = YES;
				ENABLE_TESTABILITY = YES;
				GCC_C_LANGUAGE_STANDARD = gnu11;
				GCC_DYNAMIC_NO_PIC = NO;
				GCC_NO_COMMON_BLOCKS = YES;
				GCC_OPTIMIZATION_LEVEL = 0;
				GCC_PREPROCESSOR_DEFINITIONS = (
					"DEBUG=1",
					"$(inherited)",
				);
				GCC_WARN_64_TO_32_BIT_CONVERSION = YES;
				GCC_WARN_ABOUT_RETURN_TYPE = YES_ERROR;
				GCC_WARN_UNDECLARED_SELECTOR = YES;
				GCC_WARN_UNINITIALIZED_AUTOS = YES_AGGRESSIVE;
				GCC_WARN_UNUSED_FUNCTION = YES;
				GCC_WARN_UNUSED_VARIABLE = YES;
				MACOSX_DEPLOYMENT_TARGET = 12.1;
				MTL_ENABLE_DEBUG_INFO = INCLUDE_SOURCE;
				MTL_FAST_MATH = YES;
				ONLY_ACTIVE_ARCH = YES;
				SDKROOT = macosx;
			};
			name = Debug;
		};
		525688B827889F5200D1FAE5 /* Release */ = {
			isa = XCBuildConfiguration;
			buildSettings = {
				ALWAYS_SEARCH_USER_PATHS = NO;
				CLANG_ANALYZER_NONNULL = YES;
				CLANG_ANALYZER_NUMBER_OBJECT_CONVERSION = YES_AGGRESSIVE;
				CLANG_CXX_LANGUAGE_STANDARD = "gnu++17";
				CLANG_CXX_LIBRARY = "libc++";
				CLANG_ENABLE_MODULES = YES;
				CLANG_ENABLE_OBJC_ARC = YES;
				CLANG_ENABLE_OBJC_WEAK = YES;
				CLANG_WARN_BLOCK_CAPTURE_AUTORELEASING = YES;
				CLANG_WARN_BOOL_CONVERSION = YES;
				CLANG_WARN_COMMA = YES;
				CLANG_WARN_CONSTANT_CONVERSION = YES;
				CLANG_WARN_DEPRECATED_OBJC_IMPLEMENTATIONS = YES;
				CLANG_WARN_DIRECT_OBJC_ISA_USAGE = YES_ERROR;
				CLANG_WARN_DOCUMENTATION_COMMENTS = YES;
				CLANG_WARN_EMPTY_BODY = YES;
				CLANG_WARN_ENUM_CONVERSION = YES;
				CLANG_WARN_INFINITE_RECURSION = YES;
				CLANG_WARN_INT_CONVERSION = YES;
				CLANG_WARN_NON_LITERAL_NULL_CONVERSION = YES;
				CLANG_WARN_OBJC_IMPLICIT_RETAIN_SELF = YES;
				CLANG_WARN_OBJC_LITERAL_CONVERSION = YES;
				CLANG_WARN_OBJC_ROOT_CLASS = YES_ERROR;
				CLANG_WARN_QUOTED_INCLUDE_IN_FRAMEWORK_HEADER = YES;
				CLANG_WARN_RANGE_LOOP_ANALYSIS = YES;
				CLANG_WARN_STRICT_PROTOTYPES = YES;
				CLANG_WARN_SUSPICIOUS_MOVE = YES;
				CLANG_WARN_UNGUARDED_AVAILABILITY = YES_AGGRESSIVE;
				CLANG_WARN_UNREACHABLE_CODE = YES;
				CLANG_WARN__DUPLICATE_METHOD_MATCH = YES;
				COPY_PHASE_STRIP = NO;
				DEBUG_INFORMATION_FORMAT = "dwarf-with-dsym";
				ENABLE_NS_ASSERTIONS = NO;
				ENABLE_STRICT_OBJC_MSGSEND = YES;
				GCC_C_LANGUAGE_STANDARD = gnu11;
				GCC_NO_COMMON_BLOCKS = YES;
				GCC_WARN_64_TO_32_BIT_CONVERSION = YES;
				GCC_WARN_ABOUT_RETURN_TYPE = YES_ERROR;
				GCC_WARN_UNDECLARED_SELECTOR = YES;
				GCC_WARN_UNINITIALIZED_AUTOS = YES_AGGRESSIVE;
				GCC_WARN_UNUSED_FUNCTION = YES;
				GCC_WARN_UNUSED_VARIABLE = YES;
				MACOSX_DEPLOYMENT_TARGET = 12.1;
				MTL_ENABLE_DEBUG_INFO = NO;
				MTL_FAST_MATH = YES;
				SDKROOT = macosx;
			};
			name = Release;
		};
		525688BA27889F5200D1FAE5 /* Debug */ = {
			isa = XCBuildConfiguration;
			buildSettings = {
				CODE_SIGN_STYLE = Automatic;
				PRODUCT_NAME = "$(TARGET_NAME)";
			};
			name = Debug;
		};
		525688BB27889F5200D1FAE5 /* Release */ = {
			isa = XCBuildConfiguration;
			buildSettings = {
				CODE_SIGN_STYLE = Automatic;
				PRODUCT_NAME = "$(TARGET_NAME)";
			};
			name = Release;
		};
/* End XCBuildConfiguration section */

/* Begin XCConfigurationList section */
		525688AD27889F5200D1FAE5 /* Build configuration list for PBXProject "VanillaGreenPass" */ = {
			isa = XCConfigurationList;
			buildConfigurations = (
				525688B727889F5200D1FAE5 /* Debug */,
				525688B827889F5200D1FAE5 /* Release */,
			);
			defaultConfigurationIsVisible = 0;
			defaultConfigurationName = Release;
		};
		525688B927889F5200D1FAE5 /* Build configuration list for PBXNativeTarget "VanillaGreenPass" */ = {
			isa = XCConfigurationList;
			buildConfigurations = (
				525688BA27889F5200D1FAE5 /* Debug */,
				525688BB27889F5200D1FAE5 /* Release */,
			);
			defaultConfigurationIsVisible = 0;
			defaultConfigurationName = Release;
		};
/* End XCConfigurationList section */
	};
	rootObject = 525688AA27889F5200D1FAE5 /* Project object */;
}
